PODS:
  - MarqueeLabel (3.2.0):
    - MarqueeLabel/ObjC (= 3.2.0)
  - MarqueeLabel/ObjC (3.2.0)
  - R.swift (4.0.0):
    - R.swift.Library (~> 4.0.0)
  - R.swift.Library (4.0.0)
  - SAMKeychain (1.5.3)
  - SnapKit (4.0.1)

DEPENDENCIES:
  - MarqueeLabel
  - R.swift
  - SAMKeychain
  - SnapKit

SPEC REPOS:
  https://github.com/cocoapods/specs.git:
    - MarqueeLabel
    - R.swift
    - R.swift.Library
    - SAMKeychain
    - SnapKit

SPEC CHECKSUMS:
  MarqueeLabel: 440a502b91a9179bd98f9fff00ba1150650a1c0e
  R.swift: d6a5ec2f55a8441dc0ed9f1f8b37d7d11ae85c66
  R.swift.Library: c3af34921024333546e23b70e70d0b4e0cffca75
  SAMKeychain: 483e1c9f32984d50ca961e26818a534283b4cd5c
  SnapKit: 0de968a9fec17499afa29683b05d0c775b6d1c29

PODFILE CHECKSUM: 4ec38c0daef7f3c4e41c27b74697481d04e3b6a2

COCOAPODS: 1.5.3
